{
  "name": "@repo/db",
  "version": "1.0.0",
  "lockfileVersion": 3,
  "requires": true,
  "packages": {
    "": {
      "name": "@repo/db",
      "version": "1.0.0",
      "license": "ISC",
      "dependencies": {
        "typescript": "^5.7.2"
      },
      "devDependencies": {
        "@prisma/client": "^6.1.0",
        "prisma": "^6.1.0"
      }
    },
    "../../node_modules/.pnpm/typescript@5.7.2/node_modules/typescript": {
      "version": "5.7.2",
      "license": "Apache-2.0",
      "bin": {
        "tsc": "bin/tsc",
        "tsserver": "bin/tsserver"
      },
      "devDependencies": {
        "@dprint/formatter": "^0.4.1",
        "@dprint/typescript": "0.93.0",
        "@esfx/canceltoken": "^1.0.0",
        "@eslint/js": "^9.11.1",
        "@octokit/rest": "^21.0.2",
        "@types/chai": "^4.3.20",
        "@types/diff": "^5.2.2",
        "@types/minimist": "^1.2.5",
        "@types/mocha": "^10.0.8",
        "@types/ms": "^0.7.34",
        "@types/node": "latest",
        "@types/source-map-support": "^0.5.10",
        "@types/which": "^3.0.4",
        "@typescript-eslint/rule-tester": "^8.8.0",
        "@typescript-eslint/type-utils": "^8.8.0",
        "@typescript-eslint/utils": "^8.8.0",
        "azure-devops-node-api": "^14.1.0",
        "c8": "^10.1.2",
        "chai": "^4.5.0",
        "chalk": "^4.1.2",
        "chokidar": "^3.6.0",
        "diff": "^5.2.0",
        "dprint": "^0.47.2",
        "esbuild": "^0.24.0",
        "eslint": "^9.11.1",
        "eslint-formatter-autolinkable-stylish": "^1.4.0",
        "eslint-plugin-regexp": "^2.6.0",
        "fast-xml-parser": "^4.5.0",
        "glob": "^10.4.5",
        "globals": "^15.9.0",
        "hereby": "^1.10.0",
        "jsonc-parser": "^3.3.1",
        "knip": "^5.30.6",
        "minimist": "^1.2.8",
        "mocha": "^10.7.3",
        "mocha-fivemat-progress-reporter": "^0.1.0",
        "monocart-coverage-reports": "^2.11.0",
        "ms": "^2.1.3",
        "playwright": "^1.47.2",
        "source-map-support": "^0.5.21",
        "tslib": "^2.7.0",
        "typescript": "^5.6.2",
        "typescript-eslint": "^8.8.0",
        "which": "^3.0.1"
      },
      "engines": {
        "node": ">=14.17"
      }
    },
    "node_modules/@prisma/client": {
      "version": "6.1.0",
      "resolved": "https://registry.npmjs.org/@prisma/client/-/client-6.1.0.tgz",
      "integrity": "sha512-AbQYc5+EJKm1Ydfq3KxwcGiy7wIbm4/QbjCKWWoNROtvy7d6a3gmAGkKjK0iUCzh+rHV8xDhD5Cge8ke/kiy5Q==",
      "dev": true,
      "hasInstallScript": true,
      "license": "Apache-2.0",
      "engines": {
        "node": ">=18.18"
      },
      "peerDependencies": {
        "prisma": "*"
      },
      "peerDependenciesMeta": {
        "prisma": {
          "optional": true
        }
      }
    },
    "node_modules/@prisma/debug": {
      "version": "6.1.0",
      "resolved": "https://registry.npmjs.org/@prisma/debug/-/debug-6.1.0.tgz",
      "integrity": "sha512-0himsvcM4DGBTtvXkd2Tggv6sl2JyUYLzEGXXleFY+7Kp6rZeSS3hiTW9mwtUlXrwYbJP6pwlVNB7jYElrjWUg==",
      "dev": true,
      "license": "Apache-2.0"
    },
    "node_modules/@prisma/engines": {
      "version": "6.1.0",
      "resolved": "https://registry.npmjs.org/@prisma/engines/-/engines-6.1.0.tgz",
      "integrity": "sha512-GnYJbCiep3Vyr1P/415ReYrgJUjP79fBNc1wCo7NP6Eia0CzL2Ot9vK7Infczv3oK7JLrCcawOSAxFxNFsAERQ==",
      "dev": true,
      "hasInstallScript": true,
      "license": "Apache-2.0",
      "dependencies": {
        "@prisma/debug": "6.1.0",
        "@prisma/engines-version": "6.1.0-21.11f085a2012c0f4778414c8db2651556ee0ef959",
        "@prisma/fetch-engine": "6.1.0",
        "@prisma/get-platform": "6.1.0"
      }
    },
    "node_modules/@prisma/engines-version": {
      "version": "6.1.0-21.11f085a2012c0f4778414c8db2651556ee0ef959",
      "resolved": "https://registry.npmjs.org/@prisma/engines-version/-/engines-version-6.1.0-21.11f085a2012c0f4778414c8db2651556ee0ef959.tgz",
      "integrity": "sha512-PdJqmYM2Fd8K0weOOtQThWylwjsDlTig+8Pcg47/jszMuLL9iLIaygC3cjWJLda69siRW4STlCTMSgOjZzvKPQ==",
      "dev": true,
      "license": "Apache-2.0"
    },
    "node_modules/@prisma/fetch-engine": {
      "version": "6.1.0",
      "resolved": "https://registry.npmjs.org/@prisma/fetch-engine/-/fetch-engine-6.1.0.tgz",
      "integrity": "sha512-asdFi7TvPlEZ8CzSZ/+Du5wZ27q6OJbRSXh+S8ISZguu+S9KtS/gP7NeXceZyb1Jv1SM1S5YfiCv+STDsG6rrg==",
      "dev": true,
      "license": "Apache-2.0",
      "dependencies": {
        "@prisma/debug": "6.1.0",
        "@prisma/engines-version": "6.1.0-21.11f085a2012c0f4778414c8db2651556ee0ef959",
        "@prisma/get-platform": "6.1.0"
      }
    },
    "node_modules/@prisma/get-platform": {
      "version": "6.1.0",
      "resolved": "https://registry.npmjs.org/@prisma/get-platform/-/get-platform-6.1.0.tgz",
      "integrity": "sha512-ia8bNjboBoHkmKGGaWtqtlgQOhCi7+f85aOkPJKgNwWvYrT6l78KgojLekE8zMhVk0R9lWcifV0Pf8l3/15V0Q==",
      "dev": true,
      "license": "Apache-2.0",
      "dependencies": {
        "@prisma/debug": "6.1.0"
      }
    },
    "node_modules/fsevents": {
      "version": "2.3.3",
      "resolved": "https://registry.npmjs.org/fsevents/-/fsevents-2.3.3.tgz",
      "integrity": "sha512-5xoDfX+fL7faATnagmWPpbFtwh/R77WmMMqqHGS65C3vvB0YHrgF+B1YmZ3441tMj5n63k0212XNoJwzlhffQw==",
      "dev": true,
      "hasInstallScript": true,
      "license": "MIT",
      "optional": true,
      "os": [
        "darwin"
      ],
      "engines": {
        "node": "^8.16.0 || ^10.6.0 || >=11.0.0"
      }
    },
    "node_modules/prisma": {
      "version": "6.1.0",
      "resolved": "https://registry.npmjs.org/prisma/-/prisma-6.1.0.tgz",
      "integrity": "sha512-aFI3Yi+ApUxkwCJJwyQSwpyzUX7YX3ihzuHNHOyv4GJg3X5tQsmRaJEnZ+ZyfHpMtnyahhmXVfbTZ+lS8ZtfKw==",
      "dev": true,
      "hasInstallScript": true,
      "license": "Apache-2.0",
      "dependencies": {
        "@prisma/engines": "6.1.0"
      },
      "bin": {
        "prisma": "build/index.js"
      },
      "engines": {
        "node": ">=18.18"
      },
      "optionalDependencies": {
        "fsevents": "2.3.3"
      }
    },
    "node_modules/typescript": {
      "resolved": "../../node_modules/.pnpm/typescript@5.7.2/node_modules/typescript",
      "link": true
    }
  }
}
